
Microsoft Visual Studio Solution File, Format Version 12.00
# Visual Studio Version 17
VisualStudioVersion = 17.6.33723.286
MinimumVisualStudioVersion = 10.0.40219.1
Project("{FAE04EC0-301F-11D3-BF4B-00C04F79EFBC}") = "Arbetsprov_BlazorGame_v2", "Arbetsprov_BlazorGame_v2\Arbetsprov_BlazorGame_v2.csproj", "{CEE9B242-8FDF-4B2A-A4CA-A748CF08AC1B}"
EndProject
Global
	GlobalSection(SolutionConfigurationPlatforms) = preSolution
		Debug|Any CPU = Debug|Any CPU
		Release|Any CPU = Release|Any CPU
	EndGlobalSection
	GlobalSection(ProjectConfigurationPlatforms) = postSolution
		{CEE9B242-8FDF-4B2A-A4CA-A748CF08AC1B}.Debug|Any CPU.ActiveCfg = Debug|Any CPU
		{CEE9B242-8FDF-4B2A-A4CA-A748CF08AC1B}.Debug|Any CPU.Build.0 = Debug|Any CPU
		{CEE9B242-8FDF-4B2A-A4CA-A748CF08AC1B}.Release|Any CPU.ActiveCfg = Release|Any CPU
		{CEE9B242-8FDF-4B2A-A4CA-A748CF08AC1B}.Release|Any CPU.Build.0 = Release|Any CPU
	EndGlobalSection
	GlobalSection(SolutionProperties) = preSolution
		HideSolutionNode = FALSE
	EndGlobalSection
	GlobalSection(ExtensibilityGlobals) = postSolution
		SolutionGuid = {90093593-8999-4F42-BFA8-6126FB895BAD}
	EndGlobalSection
EndGlobal
